# THIS IS AN AUTOGENERATED FILE. DO NOT EDIT THIS FILE DIRECTLY.
# yarn lockfile v1


eslint-config-prettier@^8.5.0:
  version "8.5.0"
  resolved "https://registry.yarnpkg.com/eslint-config-prettier/-/eslint-config-prettier-8.5.0.tgz#5a81680ec934beca02c7b1a61cf8ca34b66feab1"
  integrity sha512-obmWKLUNCnhtQRKc+tmnYuQl0pFU1ibYJQ5BGhTVB08bHe9wC8qUeG7c08dj9XX+AuPj1YSGSQIHl1pnDHZR0Q==

prettier@^2.6.2:
  version "2.6.2"
  resolved "https://registry.yarnpkg.com/prettier/-/prettier-2.6.2.tgz#e26d71a18a74c3d0f0597f55f01fb6c06c206032"
  integrity sha512-PkUpF+qoXTqhOeWL9fu7As8LXsIUZ1WYaJiY/a7McAQzxjk82OF0tibkFXVCDImZtWxbvojFjerkiLb0/q8mew==
